PODS:
  - CleverTap-iOS-SDK (4.1.1):
    - SDWebImage (~> 5.1)
  - SDWebImage (5.13.1):
    - SDWebImage/Core (= 5.13.1)
  - SDWebImage/Core (5.13.1)

DEPENDENCIES:
  - CleverTap-iOS-SDK (= 4.1.1)

SPEC REPOS:
  trunk:
    - CleverTap-iOS-SDK
    - SDWebImage

SPEC CHECKSUMS:
  CleverTap-iOS-SDK: b7f1e914ce99e24df606995a465b39ef90528d58
  SDWebImage: fb26a455eeda4c7a55e4dcb6172dbb258af7a4ca

PODFILE CHECKSUM: 1118f1fe86f09c7963c76387c004e132c79559ee

COCOAPODS: 1.10.1
