PODS:
  - Capacitor (6.2.1):
    - CapacitorCordova
  - CapacitorCordova (6.2.1)
  - CleverTap-iOS-SDK (7.8.0):
    - SDWebImage (~> 5.11)
  - CordovaPluginsStatic (6.2.1):
    - CapacitorCordova
    - CleverTap-iOS-SDK (= 7.8.0)
  - SDWebImage (5.21.7):
    - SDWebImage/Core (= 5.21.7)
  - SDWebImage/Core (5.21.7)

DEPENDENCIES:
  - "Capacitor (from `../../node_modules/@capacitor/ios`)"
  - "CapacitorCordova (from `../../node_modules/@capacitor/ios`)"
  - CordovaPluginsStatic (from `../capacitor-cordova-ios-plugins`)

SPEC REPOS:
  trunk:
    - CleverTap-iOS-SDK
    - SDWebImage

EXTERNAL SOURCES:
  Capacitor:
    :path: "../../node_modules/@capacitor/ios"
  CapacitorCordova:
    :path: "../../node_modules/@capacitor/ios"
  CordovaPluginsStatic:
    :path: "../capacitor-cordova-ios-plugins"

SPEC CHECKSUMS:
  Capacitor: 1e0d0e7330dea9f983b50da737d8918abcf273f8
  CapacitorCordova: 8d93e14982f440181be7304aa9559ca631d77fff
  CleverTap-iOS-SDK: b131a5938fb04f8fe393cdd23bba8cd420a32943
  CordovaPluginsStatic: 0aa60805883827af4a81aa63551c9b9191e29638
  SDWebImage: e9fc87c1aab89a8ab1bbd74eba378c6f53be8abf

PODFILE CHECKSUM: 1ac406d33ba36a68501fa63a2e180e14ccc0539d

COCOAPODS: 1.16.2
