PODS:
  - CleverTap-iOS-SDK (5.1.1):
    - SDWebImage (~> 5.11)
  - SDWebImage (5.17.0):
    - SDWebImage/Core (= 5.17.0)
  - SDWebImage/Core (5.17.0)

DEPENDENCIES:
  - CleverTap-iOS-SDK (= 5.1.1)

SPEC REPOS:
  trunk:
    - CleverTap-iOS-SDK
    - SDWebImage

SPEC CHECKSUMS:
  CleverTap-iOS-SDK: b07bb8b6572a64f2fddc3c499e34607076018f0a
  SDWebImage: 750adf017a315a280c60fde706ab1e552a3ae4e9

PODFILE CHECKSUM: 1c32ec41815fbb918acd1d982be926c7b444d11f

COCOAPODS: 1.11.2
