PODS:
  - CleverTap-iOS-SDK (5.1.2):
    - SDWebImage (~> 5.11)
  - SDWebImage (5.17.0):
    - SDWebImage/Core (= 5.17.0)
  - SDWebImage/Core (5.17.0)

DEPENDENCIES:
  - CleverTap-iOS-SDK (= 5.1.2)

SPEC REPOS:
  https://github.com/CocoaPods/Specs.git:
    - CleverTap-iOS-SDK
    - SDWebImage

SPEC CHECKSUMS:
  CleverTap-iOS-SDK: 1731f365b7822458c346fb812bd0f0edbf076856
  SDWebImage: 750adf017a315a280c60fde706ab1e552a3ae4e9

PODFILE CHECKSUM: 838d8d904fc779a1bc0bea04c3377f1d39ea9144

COCOAPODS: 1.11.2
